
Microsoft Visual Studio Solution File, Format Version 12.00
# Visual Studio Version 17
VisualStudioVersion = 17.14.37027.9
MinimumVisualStudioVersion = 10.0.40219.1
Project("{FAE04EC0-301F-11D3-BF4B-00C04F79EFBC}") = "PokemonAutoBattler", "PokemonAutobattler\PokemonAutoBattler.csproj", "{AD0AB6E9-8790-4D99-A4E3-EF24C645D43A}"
EndProject
Global
	GlobalSection(SolutionConfigurationPlatforms) = preSolution
		Debug|Any CPU = Debug|Any CPU
		Release|Any CPU = Release|Any CPU
	EndGlobalSection
	GlobalSection(ProjectConfigurationPlatforms) = postSolution
		{AD0AB6E9-8790-4D99-A4E3-EF24C645D43A}.Debug|Any CPU.ActiveCfg = Debug|Any CPU
		{AD0AB6E9-8790-4D99-A4E3-EF24C645D43A}.Debug|Any CPU.Build.0 = Debug|Any CPU
		{AD0AB6E9-8790-4D99-A4E3-EF24C645D43A}.Release|Any CPU.ActiveCfg = Release|Any CPU
		{AD0AB6E9-8790-4D99-A4E3-EF24C645D43A}.Release|Any CPU.Build.0 = Release|Any CPU
	EndGlobalSection
	GlobalSection(SolutionProperties) = preSolution
		HideSolutionNode = FALSE
	EndGlobalSection
	GlobalSection(ExtensibilityGlobals) = postSolution
		SolutionGuid = {6984D067-FBE6-4620-8176-AB3ACCC5AFC2}
	EndGlobalSection
EndGlobal
